
Microsoft Visual Studio Solution File, Format Version 12.00
# Visual Studio 14
VisualStudioVersion = 14.0.25420.1
MinimumVisualStudioVersion = 10.0.40219.1
Project("{FAE04EC0-301F-11D3-BF4B-00C04F79EFBC}") = "APPOO_lab1", "APPOO_lab1\APPOO_lab1.csproj", "{A55E95B6-33DE-476B-BECB-54F3ABA11A4E}"
EndProject
Global
	GlobalSection(SolutionConfigurationPlatforms) = preSolution
		Debug|Any CPU = Debug|Any CPU
		Release|Any CPU = Release|Any CPU
	EndGlobalSection
	GlobalSection(ProjectConfigurationPlatforms) = postSolution
		{A55E95B6-33DE-476B-BECB-54F3ABA11A4E}.Debug|Any CPU.ActiveCfg = Debug|Any CPU
		{A55E95B6-33DE-476B-BECB-54F3ABA11A4E}.Debug|Any CPU.Build.0 = Debug|Any CPU
		{A55E95B6-33DE-476B-BECB-54F3ABA11A4E}.Release|Any CPU.ActiveCfg = Release|Any CPU
		{A55E95B6-33DE-476B-BECB-54F3ABA11A4E}.Release|Any CPU.Build.0 = Release|Any CPU
	EndGlobalSection
	GlobalSection(SolutionProperties) = preSolution
		HideSolutionNode = FALSE
	EndGlobalSection
EndGlobal
